{
  "name": "aem-maven-archetype",
  "version": "1.0.0",
  "lockfileVersion": 3,
  "requires": true,
  "packages": {
    "": {
      "name": "aem-maven-archetype",
      "version": "1.0.0",
      "license": "SEE LICENSE IN LICENSE.txt",
      "dependencies": {
        "@googlemaps/js-api-loader": "^1.16.1",
        "@types/google.maps": "^3.53.4",
        "custom-event-polyfill": "^1.0.7",
        "font-awesome": "^4.6.3",
        "react": "^18.2.0",
        "react-app-polyfill": "^3.0.0",
        "react-dom": "^18.2.0",
        "react-router-dom": "^6.14.0",
        "swiper": "^8.4.7"
      },
      "devDependencies": {
        "stylelint": "^16.1.0",
        "stylelint-config-prettier-scss": "^1.0.0",
        "stylelint-config-standard-scss": "^13.0.0"
      }
    },
    "node_modules/stylelint": {
      "version": "16.1.0",
      "resolved": "https://registry.npmjs.org/stylelint/-/stylelint-16.1.0.tgz",
      "integrity": "sha512-Sh1rRV0lN1qxz/QsuuooLWsIZ/ona7NKw/fRZd6y6PyXYdD2W0EAzJ8yJcwSx4Iw/muz0CF09VZ+z4EiTAcKmg==",
      "dev": true,
      "dependencies": {
        "@csstools/css-parser-algorithms": "^2.4.0",
        "@csstools/css-tokenizer": "^2.2.2",
        "@csstools/media-query-list-parser": "^2.1.6",
        "@csstools/selector-specificity": "^3.0.1",
        "balanced-match": "^2.0.0",
        "colord": "^2.9.3",
        "cosmiconfig": "^9.0.0",
        "css-functions-list": "^3.2.1",
        "css-tree": "^2.3.1",
        "debug": "^4.3.4",
        "fast-glob": "^3.3.2",
        "fastest-levenshtein": "^1.0.16",
        "file-entry-cache": "^8.0.0",
        "global-modules": "^2.0.0",
        "globby": "^11.1.0",
        "globjoin": "^0.1.4",
        "html-tags": "^3.3.1",
        "ignore": "^5.3.0",
        "imurmurhash": "^0.1.4",
        "is-plain-object": "^5.0.0",
        "known-css-properties": "^0.29.0",
        "mathml-tag-names": "^2.1.3",
        "meow": "^13.0.0",
        "micromatch": "^4.0.5",
        "normalize-path": "^3.0.0",
        "picocolors": "^1.0.0",
        "postcss": "^8.4.32",
        "postcss-resolve-nested-selector": "^0.1.1",
        "postcss-safe-parser": "^7.0.0",
        "postcss-selector-parser": "^6.0.13",
        "postcss-value-parser": "^4.2.0",
        "resolve-from": "^5.0.0",
        "string-width": "^4.2.3",
        "strip-ansi": "^7.1.0",
        "supports-hyperlinks": "^3.0.0",
        "svg-tags": "^1.0.0",
        "table": "^6.8.1",
        "write-file-atomic": "^5.0.1"
      },
      "bin": {
        "stylelint": "bin/stylelint.mjs"
      },
      "engines": {
        "node": ">=18.12.0"
      },
      "funding": {
        "type": "opencollective",
        "url": "https://opencollective.com/stylelint"
      }
    },
    "node_modules/stylelint-config-prettier-scss": {
      "version": "1.0.0",
      "resolved": "https://registry.npmjs.org/stylelint-config-prettier-scss/-/stylelint-config-prettier-scss-1.0.0.tgz",
      "integrity": "sha512-Gr2qLiyvJGKeDk0E/+awNTrZB/UtNVPLqCDOr07na/sLekZwm26Br6yYIeBYz3ulsEcQgs5j+2IIMXCC+wsaQA==",
      "dev": true,
      "bin": {
        "stylelint-config-prettier-scss": "bin/check.js",
        "stylelint-config-prettier-scss-check": "bin/check.js"
      },
      "engines": {
        "node": "14.* || 16.* || >= 18"
      },
      "peerDependencies": {
        "stylelint": ">=16.1"
      }
    },
    "node_modules/stylelint-config-recommended": {
      "version": "12.0.0",
      "resolved": "https://registry.npmjs.org/stylelint-config-recommended/-/stylelint-config-recommended-12.0.0.tgz",
      "integrity": "sha512-x6x8QNARrGO2sG6iURkzqL+Dp+4bJorPMMRNPScdvaUK8PsynriOcMW7AFDKqkWAS5wbue/u8fUT/4ynzcmqdQ==",
      "dev": true,
      "peerDependencies": {
        "stylelint": "^16.1"
      }
    },
    "node_modules/stylelint-config-recommended-scss": {
      "version": "11.0.0",
      "resolved": "https://registry.npmjs.org/stylelint-config-recommended-scss/-/stylelint-config-recommended-scss-11.0.0.tgz",
      "integrity": "sha512-EDghTDU7aOv2LTsRZvcT1w8mcjUaMhuy+t38iV5I/0Qiu6ixdkRwhLEMul3K/fnB2v9Nwqvb3xpvJfPH+HduDw==",
      "dev": true,
      "dependencies": {
        "postcss-scss": "^4.0.6",
        "stylelint-config-recommended": "^12.0.0",
        "stylelint-scss": "^4.6.0"
      },
      "peerDependencies": {
        "postcss": "^8.3.3",
        "stylelint": "^16.1"
      },
      "peerDependenciesMeta": {
        "postcss": {
          "optional": true
        }
      }
    },
    "node_modules/stylelint-config-standard": {
      "version": "33.0.0",
      "resolved": "https://registry.npmjs.org/stylelint-config-standard/-/stylelint-config-standard-33.0.0.tgz",
      "integrity": "sha512-eyxnLWoXImUn77+ODIuW9qXBDNM+ALN68L3wT1lN2oNspZ7D9NVGlNHb2QCUn4xDug6VZLsh0tF8NyoYzkgTzg==",
      "dev": true,
      "dependencies": {
        "stylelint-config-recommended": "^12.0.0"
      },
      "peerDependencies": {
        "stylelint": "^16.1"
      }
    },
    "node_modules/stylelint-config-standard-scss": {
      "version": "13.0.0",
      "resolved": "https://registry.npmjs.org/stylelint-config-standard-scss/-/stylelint-config-standard-scss-13.0.0.tgz",
      "integrity": "sha512-yPKpJsrZn4ybuQZx/DkEHuCjw7pJginErE/47dFhCnrvD48IJ4UYec8tSiCuJWMA3HRjbIa3nh5ZeSauDGuVAg==",
      "dev": true,
      "dependencies": {
        "stylelint-config-recommended-scss": "^11.0.0",
        "stylelint-config-standard": "^33.0.0"
      },
      "peerDependencies": {
        "postcss": "^8.3.3",
        "stylelint": "^16.1"
      },
      "peerDependenciesMeta": {
        "postcss": {
          "optional": true
        }
      }
    },
    "node_modules/stylelint-scss": {
      "version": "4.7.0",
      "resolved": "https://registry.npmjs.org/stylelint-scss/-/stylelint-scss-4.7.0.tgz",
      "integrity": "sha512-TSUgIeS0H3jqDZnby1UO1Qv3poi1N8wUYIJY6D1tuUq2MN3lwp/rITVo0wD+1SWTmRm0tNmGO0b7nKInnqF6Hg==",
      "dev": true,
      "dependencies": {
        "postcss-media-query-parser": "^0.2.3",
        "postcss-resolve-nested-selector": "^0.1.1",
        "postcss-selector-parser": "^6.0.11",
        "postcss-value-parser": "^4.2.0"
      },
      "peerDependencies": {
        "stylelint": "^16.1"
      }
    },
    "node_modules/stylelint/node_modules/argparse": {
      "version": "2.0.1",
      "resolved": "https://registry.npmjs.org/argparse/-/argparse-2.0.1.tgz",
      "integrity": "sha512-8+9WqebbFzpX9OR+Wa6O29asIogeRMzcGtAINdpMHHyAg10f05aSFVBbcEqGf/PXw1EjAZ+q2/bEBg3DvurK3Q==",
      "dev": true
    },
    "node_modules/stylelint/node_modules/balanced-match": {
      "version": "2.0.0",
      "resolved": "https://registry.npmjs.org/balanced-match/-/balanced-match-2.0.0.tgz",
      "integrity": "sha512-1ugUSr8BHXRnK23KfuYS+gVMC3LB8QGH9W1iGtDPsNWoQbgtXSExkBu2aDR4epiGWZOjZsj6lDl/N/AqqTC3UA==",
      "dev": true
    },
    "node_modules/stylelint/node_modules/brace-expansion": {
      "version": "2.0.1",
      "resolved": "https://registry.npmjs.org/brace-expansion/-/brace-expansion-2.0.1.tgz",
      "integrity": "sha512-XnAIvQ8eM+kC6aULx6wuQiwVsnzsi9d3WxzV3FpWTGA19F621kwdbsAcFKXgKUHZWsy+mY6iL1sHTxWEFCytDA==",
      "dev": true,
      "dependencies": {
        "balanced-match": "^1.0.0"
      }
    },
    "node_modules/stylelint/node_modules/brace-expansion/node_modules/balanced-match": {
      "version": "1.0.2",
      "resolved": "https://registry.npmjs.org/balanced-match/-/balanced-match-1.0.2.tgz",
      "integrity": "sha512-3oSeUO0TMV67hN1AmbXsK4yaqU7tjiHlbxRDZOpH0KW9+CeX4bRAaX0Anxt0tx2MrpRpWwQaPwIlISEJhYU5Pw==",
      "dev": true
    },
    "node_modules/stylelint/node_modules/cosmiconfig": {
      "version": "9.0.0",
      "resolved": "https://registry.npmjs.org/cosmiconfig/-/cosmiconfig-9.0.0.tgz",
      "integrity": "sha512-itvL5h8RETACmOTFc4UfIyB2RfEHi71Ax6E/PivVxq9NseKbOWpeyHEOIbmAw1rs8Ak0VursQNww7lf7YtUwzg==",
      "dev": true,
      "dependencies": {
        "env-paths": "^2.2.1",
        "import-fresh": "^3.3.0",
        "js-yaml": "^4.1.0",
        "parse-json": "^5.2.0"
      },
      "engines": {
        "node": ">=14"
      },
      "funding": {
        "url": "https://github.com/sponsors/d-fischer"
      },
      "peerDependencies": {
        "typescript": ">=4.9.5"
      },
      "peerDependenciesMeta": {
        "typescript": {
          "optional": true
        }
      }
    },
    "node_modules/stylelint/node_modules/emoji-regex": {
      "version": "8.0.0",
      "resolved": "https://registry.npmjs.org/emoji-regex/-/emoji-regex-8.0.0.tgz",
      "integrity": "sha512-MSjYzcWNOA0ewAHpz0MxpYFvwg6yjy1NG3xteoqz644VCo/RPgnr1/GGt+ic3iJTzQ8Eu3TdM14SawnVUmGE6A==",
      "dev": true
    },
    "node_modules/stylelint/node_modules/file-entry-cache": {
      "version": "8.0.0",
      "resolved": "https://registry.npmjs.org/file-entry-cache/-/file-entry-cache-8.0.0.tgz",
      "integrity": "sha512-XXTUwCvisa5oacNGRP9SfNtYBNAMi+RPwBFmblZEF7N7swHYQS6/Zfk7SRwx4D5j3CH211YNRco1DEMNVfZCnQ==",
      "dev": true,
      "dependencies": {
        "flat-cache": "^4.0.0"
      },
      "engines": {
        "node": ">=16.0.0"
      }
    },
    "node_modules/stylelint/node_modules/flat-cache": {
      "version": "4.0.0",
      "resolved": "https://registry.npmjs.org/flat-cache/-/flat-cache-4.0.0.tgz",
      "integrity": "sha512-EryKbCE/wxpxKniQlyas6PY1I9vwtF3uCBweX+N8KYTCn3Y12RTGtQAJ/bd5pl7kxUAc8v/R3Ake/N17OZiFqA==",
      "dev": true,
      "dependencies": {
        "flatted": "^3.2.9",
        "keyv": "^4.5.4",
        "rimraf": "^5.0.5"
      },
      "engines": {
        "node": ">=16"
      }
    },
    "node_modules/stylelint/node_modules/foreground-child": {
      "version": "3.1.1",
      "resolved": "https://registry.npmjs.org/foreground-child/-/foreground-child-3.1.1.tgz",
      "integrity": "sha512-TMKDUnIte6bfb5nWv7V/caI169OHgvwjb7V4WkeUvbQQdjr5rWKqHFiKWb/fcOwB+CzBT+qbWjvj+DVwRskpIg==",
      "dev": true,
      "dependencies": {
        "cross-spawn": "^7.0.0",
        "signal-exit": "^4.0.1"
      },
      "engines": {
        "node": ">=14"
      },
      "funding": {
        "url": "https://github.com/sponsors/isaacs"
      }
    },
    "node_modules/stylelint/node_modules/glob": {
      "version": "10.3.10",
      "resolved": "https://registry.npmjs.org/glob/-/glob-10.3.10.tgz",
      "integrity": "sha512-fa46+tv1Ak0UPK1TOy/pZrIybNNt4HCv7SDzwyfiOZkvZLEbjsZkJBPtDHVshZjbecAoAGSC20MjLDG/qr679g==",
      "dev": true,
      "dependencies": {
        "foreground-child": "^3.1.0",
        "jackspeak": "^2.3.5",
        "minimatch": "^9.0.1",
        "minipass": "^5.0.0 || ^6.0.2 || ^7.0.0",
        "path-scurry": "^1.10.1"
      },
      "bin": {
        "glob": "dist/esm/bin.mjs"
      },
      "engines": {
        "node": ">=16 || 14 >=14.17"
      },
      "funding": {
        "url": "https://github.com/sponsors/isaacs"
      }
    },
    "node_modules/stylelint/node_modules/global-modules": {
      "version": "2.0.0",
      "resolved": "https://registry.npmjs.org/global-modules/-/global-modules-2.0.0.tgz",
      "integrity": "sha512-NGbfmJBp9x8IxyJSd1P+otYK8vonoJactOogrVfFRIAEY1ukil8RSKDz2Yo7wh1oihl51l/r6W4epkeKJHqL8A==",
      "dev": true,
      "dependencies": {
        "global-prefix": "^3.0.0"
      },
      "engines": {
        "node": ">=6"
      }
    },
    "node_modules/stylelint/node_modules/global-prefix": {
      "version": "3.0.0",
      "resolved": "https://registry.npmjs.org/global-prefix/-/global-prefix-3.0.0.tgz",
      "integrity": "sha512-awConJSVCHVGND6x3tmMaKcQvwXLhjdkmomy2W+Goaui8YPgYgXJZewhg3fWC+DlfqqQuWg8AwqjGTD2nAPVWg==",
      "dev": true,
      "dependencies": {
        "ini": "^1.3.5",
        "kind-of": "^6.0.2",
        "which": "^1.3.1"
      },
      "engines": {
        "node": ">=6"
      }
    },
    "node_modules/stylelint/node_modules/is-fullwidth-code-point": {
      "version": "3.0.0",
      "resolved": "https://registry.npmjs.org/is-fullwidth-code-point/-/is-fullwidth-code-point-3.0.0.tgz",
      "integrity": "sha512-zymm5+u+sCsSWyD9qNaejV3DFvhCKclKdizYaJUuHA83RLjb7nSuGnddCHGv0hk+KY7BMAlsWeK4Ueg6EV6XQg==",
      "dev": true,
      "engines": {
        "node": ">=8"
      }
    },
    "node_modules/stylelint/node_modules/js-yaml": {
      "version": "4.1.0",
      "resolved": "https://registry.npmjs.org/js-yaml/-/js-yaml-4.1.0.tgz",
      "integrity": "sha512-wpxZs9NoxZaJESJGIZTyDEaYpl0FKSA+FB9aJiyemKhMwkxQg63h4T1KJgUGHpTqPDNRcmmYLugrRjJlBtWvRA==",
      "dev": true,
      "dependencies": {
        "argparse": "^2.0.1"
      },
      "bin": {
        "js-yaml": "bin/js-yaml.js"
      }
    },
    "node_modules/stylelint/node_modules/minimatch": {
      "version": "9.0.3",
      "resolved": "https://registry.npmjs.org/minimatch/-/minimatch-9.0.3.tgz",
      "integrity": "sha512-RHiac9mvaRw0x3AYRgDC1CxAP7HTcNrrECeA8YYJeWnpo+2Q5CegtZjaotWTWxDG3UeGA1coE05iH1mPjT/2mg==",
      "dev": true,
      "dependencies": {
        "brace-expansion": "^2.0.1"
      },
      "engines": {
        "node": ">=16 || 14 >=14.17"
      },
      "funding": {
        "url": "https://github.com/sponsors/isaacs"
      }
    },
    "node_modules/stylelint/node_modules/picocolors": {
      "version": "1.0.0",
      "resolved": "https://registry.npmjs.org/picocolors/-/picocolors-1.0.0.tgz",
      "integrity": "sha512-1fygroTLlHu66zi26VoTDv8yRgm0Fccecssto+MhsZ0D/DGW2sm8E8AjW7NU5VVTRt5GxbeZ5qBuJr+HyLYkjQ==",
      "dev": true
    },
    "node_modules/stylelint/node_modules/rimraf": {
      "version": "5.0.5",
      "resolved": "https://registry.npmjs.org/rimraf/-/rimraf-5.0.5.tgz",
      "integrity": "sha512-CqDakW+hMe/Bz202FPEymy68P+G50RfMQK+Qo5YUqc9SPipvbGjCGKd0RSKEelbsfQuw3g5NZDSrlZZAJurH1A==",
      "dev": true,
      "dependencies": {
        "glob": "^10.3.7"
      },
      "bin": {
        "rimraf": "dist/esm/bin.mjs"
      },
      "engines": {
        "node": ">=14"
      },
      "funding": {
        "url": "https://github.com/sponsors/isaacs"
      }
    },
    "node_modules/stylelint/node_modules/signal-exit": {
      "version": "4.0.2",
      "resolved": "https://registry.npmjs.org/signal-exit/-/signal-exit-4.0.2.tgz",
      "integrity": "sha512-MY2/qGx4enyjprQnFaZsHib3Yadh3IXyV2C321GY0pjGfVBu4un0uDJkwgdxqO+Rdx8JMT8IfJIRwbYVz3Ob3Q==",
      "dev": true,
      "engines": {
        "node": ">=14"
      },
      "funding": {
        "url": "https://github.com/sponsors/isaacs"
      }
    },
    "node_modules/stylelint/node_modules/string-width": {
      "version": "4.2.3",
      "resolved": "https://registry.npmjs.org/string-width/-/string-width-4.2.3.tgz",
      "integrity": "sha512-wKyQRQpjJ0sIp62ErSZdGsjMJWsap5oRNihHhu6G7JVO/9jIB6UyevL+tXuOqrng8j/cxKTWyWUwvSTriiZz/g==",
      "dev": true,
      "dependencies": {
        "emoji-regex": "^8.0.0",
        "is-fullwidth-code-point": "^3.0.0",
        "strip-ansi": "^6.0.1"
      },
      "engines": {
        "node": ">=8"
      }
    },
    "node_modules/stylelint/node_modules/string-width/node_modules/strip-ansi": {
      "version": "6.0.1",
      "resolved": "https://registry.npmjs.org/strip-ansi/-/strip-ansi-6.0.1.tgz",
      "integrity": "sha512-Y38VPSHcqkFrCpFnQ9vuSXmquuv5oXOKpGeT6aGrr3o3Gc9AlVa6JBfUSOCnbxGGZF+/0ooI7KrPuUSztUdU5A==",
      "dev": true,
      "dependencies": {
        "ansi-regex": "^5.0.1"
      },
      "engines": {
        "node": ">=8"
      }
    },
    "node_modules/stylelint/node_modules/strip-ansi": {
      "version": "7.1.0",
      "resolved": "https://registry.npmjs.org/strip-ansi/-/strip-ansi-7.1.0.tgz",
      "integrity": "sha512-iq6eVVI64nQQTRYq2KtEg2d2uU7LElhTJwsH4YzIHZshxlgZms/wIc4VoDQTlG/IvVIrBKG06CrZnp0qv7hkcQ==",
      "dev": true,
      "dependencies": {
        "ansi-regex": "^6.0.1"
      },
      "engines": {
        "node": ">=12"
      },
      "funding": {
        "url": "https://github.com/chalk/strip-ansi?sponsor=1"
      }
    },
    "node_modules/stylelint/node_modules/strip-ansi/node_modules/ansi-regex": {
      "version": "6.0.1",
      "resolved": "https://registry.npmjs.org/ansi-regex/-/ansi-regex-6.0.1.tgz",
      "integrity": "sha512-n5M855fKb2SsfMIiFFoVrABHJC8QtHwVx+mHWP3QcEqBHYienj5dHSgjbxtC0WEZXYt4wcD6zrQElDPhFuZgfA==",
      "dev": true,
      "engines": {
        "node": ">=12"
      },
      "funding": {
        "url": "https://github.com/chalk/ansi-regex?sponsor=1"
      }
    },
    "node_modules/stylelint/node_modules/which": {
      "version": "1.3.1",
      "resolved": "https://registry.npmjs.org/which/-/which-1.3.1.tgz",
      "integrity": "sha512-HxJdYWq1MTIQbJ3nw0cqssHoTNU267KlrDuGZ1WYlxDStUtKUhOaJmh112/TZmHxxUfuJqPXSOm7tDyas0OSIQ==",
      "dev": true,
      "dependencies": {
        "isexe": "^2.0.0"
      },
      "bin": {
        "which": "bin/which"
      }
    },
    "node_modules/stylelint/node_modules/write-file-atomic": {
      "version": "5.0.1",
      "resolved": "https://registry.npmjs.org/write-file-atomic/-/write-file-atomic-5.0.1.tgz",
      "integrity": "sha512-+QU2zd6OTD8XWIJCbffaiQeH9U73qIqafo1x6V1snCWYGJf6cVE0cDR4D8xRzcEnfI21IFrUPzPGtcPf8AC+Rw==",
      "dev": true,
      "dependencies": {
        "imurmurhash": "^0.1.4",
        "signal-exit": "^4.0.1"
      },
      "engines": {
        "node": "^14.17.0 || ^16.13.0 || >=18.0.0"
      }
    }
  }
}